
Microsoft Visual Studio Solution File, Format Version 12.00
# Visual Studio Version 16
VisualStudioVersion = 16.0.30225.117
MinimumVisualStudioVersion = 10.0.40219.1
Project("{FAE04EC0-301F-11D3-BF4B-00C04F79EFBC}") = "TicTacToeConsole", "TicTacToeConsole\TicTacToeConsole.csproj", "{5A62285C-C207-459A-BE77-42A0DF0E4010}"
EndProject
Global
	GlobalSection(SolutionConfigurationPlatforms) = preSolution
		Debug|Any CPU = Debug|Any CPU
		Release|Any CPU = Release|Any CPU
	EndGlobalSection
	GlobalSection(ProjectConfigurationPlatforms) = postSolution
		{5A62285C-C207-459A-BE77-42A0DF0E4010}.Debug|Any CPU.ActiveCfg = Debug|Any CPU
		{5A62285C-C207-459A-BE77-42A0DF0E4010}.Debug|Any CPU.Build.0 = Debug|Any CPU
		{5A62285C-C207-459A-BE77-42A0DF0E4010}.Release|Any CPU.ActiveCfg = Release|Any CPU
		{5A62285C-C207-459A-BE77-42A0DF0E4010}.Release|Any CPU.Build.0 = Release|Any CPU
	EndGlobalSection
	GlobalSection(SolutionProperties) = preSolution
		HideSolutionNode = FALSE
	EndGlobalSection
	GlobalSection(ExtensibilityGlobals) = postSolution
		SolutionGuid = {705D936B-9CE4-4CBC-BD48-77F535BBE343}
	EndGlobalSection
EndGlobal
